
Microsoft Visual Studio Solution File, Format Version 12.00
# Visual Studio Version 17
VisualStudioVersion = 17.0.32228.444
MinimumVisualStudioVersion = 10.0.40219.1
Project("{FAE04EC0-301F-11D3-BF4B-00C04F79EFBC}") = "PartialContents", "PartialContents\PartialContents.csproj", "{0BBCA659-DA26-424F-A9ED-1BC6A278B761}"
EndProject
Global
	GlobalSection(SolutionConfigurationPlatforms) = preSolution
		Debug|Any CPU = Debug|Any CPU
		Release|Any CPU = Release|Any CPU
	EndGlobalSection
	GlobalSection(ProjectConfigurationPlatforms) = postSolution
		{0BBCA659-DA26-424F-A9ED-1BC6A278B761}.Debug|Any CPU.ActiveCfg = Debug|Any CPU
		{0BBCA659-DA26-424F-A9ED-1BC6A278B761}.Debug|Any CPU.Build.0 = Debug|Any CPU
		{0BBCA659-DA26-424F-A9ED-1BC6A278B761}.Release|Any CPU.ActiveCfg = Release|Any CPU
		{0BBCA659-DA26-424F-A9ED-1BC6A278B761}.Release|Any CPU.Build.0 = Release|Any CPU
	EndGlobalSection
	GlobalSection(SolutionProperties) = preSolution
		HideSolutionNode = FALSE
	EndGlobalSection
	GlobalSection(ExtensibilityGlobals) = postSolution
		SolutionGuid = {A9280DDB-FC51-4E95-8DDC-46A16C1423F6}
	EndGlobalSection
EndGlobal
